// !$*UTF8*$!
{
	archiveVersion = 1;
	classes = {
	};
	objectVersion = 51;
	objects = {

/* Begin PBXBuildFile section */
		5181C8FB112A3598B88428FD /* Pods_foddApp_foddAppUITests.framework in Frameworks */ = {isa = PBXBuildFile; fileRef = 87EF0A58B53BF313B37436A1 /* Pods_foddApp_foddAppUITests.framework */; };
		844F108225F5448E0038A7B4 /* DetailViewController.swift in Sources */ = {isa = PBXBuildFile; fileRef = 844F108125F5448E0038A7B4 /* DetailViewController.swift */; };
		845D12F925F00B18004035E0 /* HomeViewController.swift in Sources */ = {isa = PBXBuildFile; fileRef = 845D12F825F00B18004035E0 /* HomeViewController.swift */; };
		845D130625F00DE8004035E0 /* Constrants.swift in Sources */ = {isa = PBXBuildFile; fileRef = 845D130525F00DE8004035E0 /* Constrants.swift */; };
		8476BF2F25F0B27600A902C2 /* Loging.swift in Sources */ = {isa = PBXBuildFile; fileRef = 8476BF2E25F0B27600A902C2 /* Loging.swift */; };
		847EE59025EF855C009BFDC2 /* AppDelegate.swift in Sources */ = {isa = PBXBuildFile; fileRef = 847EE58F25EF855C009BFDC2 /* AppDelegate.swift */; };
		847EE59225EF855C009BFDC2 /* SceneDelegate.swift in Sources */ = {isa = PBXBuildFile; fileRef = 847EE59125EF855C009BFDC2 /* SceneDelegate.swift */; };
		847EE59425EF855C009BFDC2 /* ViewController.swift in Sources */ = {isa = PBXBuildFile; fileRef = 847EE59325EF855C009BFDC2 /* ViewController.swift */; };
		847EE59725EF855C009BFDC2 /* Main.storyboard in Resources */ = {isa = PBXBuildFile; fileRef = 847EE59525EF855C009BFDC2 /* Main.storyboard */; };
		847EE59925EF855D009BFDC2 /* Assets.xcassets in Resources */ = {isa = PBXBuildFile; fileRef = 847EE59825EF855D009BFDC2 /* Assets.xcassets */; };
		847EE59C25EF855D009BFDC2 /* LaunchScreen.storyboard in Resources */ = {isa = PBXBuildFile; fileRef = 847EE59A25EF855D009BFDC2 /* LaunchScreen.storyboard */; };
		847EE5A725EF855D009BFDC2 /* foddAppTests.swift in Sources */ = {isa = PBXBuildFile; fileRef = 847EE5A625EF855D009BFDC2 /* foddAppTests.swift */; };
		847EE5B225EF855D009BFDC2 /* foddAppUITests.swift in Sources */ = {isa = PBXBuildFile; fileRef = 847EE5B125EF855D009BFDC2 /* foddAppUITests.swift */; };
		847EE5C325EF8940009BFDC2 /* GoogleService-Info.plist in Resources */ = {isa = PBXBuildFile; fileRef = 847EE5C225EF8940009BFDC2 /* GoogleService-Info.plist */; };
		847EE5C425EF8940009BFDC2 /* GoogleService-Info.plist in Resources */ = {isa = PBXBuildFile; fileRef = 847EE5C225EF8940009BFDC2 /* GoogleService-Info.plist */; };
		847EE5C525EF8940009BFDC2 /* GoogleService-Info.plist in Resources */ = {isa = PBXBuildFile; fileRef = 847EE5C225EF8940009BFDC2 /* GoogleService-Info.plist */; };
		847EE5E225EFB88E009BFDC2 /* SingupViewController.swift in Sources */ = {isa = PBXBuildFile; fileRef = 847EE5E125EFB88E009BFDC2 /* SingupViewController.swift */; };
		84AD67BB25F2523B00A5F19B /* CellTableViewCell.swift in Sources */ = {isa = PBXBuildFile; fileRef = 84AD67BA25F2523B00A5F19B /* CellTableViewCell.swift */; };
		84DD121D25EFC027008D2559 /* LogingViewController.swift in Sources */ = {isa = PBXBuildFile; fileRef = 84DD121C25EFC027008D2559 /* LogingViewController.swift */; };
		B01D8BB9F63E2C6B3610657F /* Pods_foddAppTests.framework in Frameworks */ = {isa = PBXBuildFile; fileRef = 5ACCF37C40F60DDF89E09949 /* Pods_foddAppTests.framework */; };
		B0F746B0EFE52B4B8E548DCA /* Pods_foddApp.framework in Frameworks */ = {isa = PBXBuildFile; fileRef = 475805BC4E551E294D4306D8 /* Pods_foddApp.framework */; };
/* End PBXBuildFile section */

/* Begin PBXContainerItemProxy section */
		847EE5A325EF855D009BFDC2 /* PBXContainerItemProxy */ = {
			isa = PBXContainerItemProxy;
			containerPortal = 847EE58425EF855C009BFDC2 /* Project object */;
			proxyType = 1;
			remoteGlobalIDString = 847EE58B25EF855C009BFDC2;
			remoteInfo = foddApp;
		};
		847EE5AE25EF855D009BFDC2 /* PBXContainerItemProxy */ = {
			isa = PBXContainerItemProxy;
			containerPortal = 847EE58425EF855C009BFDC2 /* Project object */;
			proxyType = 1;
			remoteGlobalIDString = 847EE58B25EF855C009BFDC2;
			remoteInfo = foddApp;
		};
/* End PBXContainerItemProxy section */

/* Begin PBXFileReference section */
		413C6581B3BB8E2347F8151C /* Pods-foddApp-foddAppUITests.release.xcconfig */ = {isa = PBXFileReference; includeInIndex = 1; lastKnownFileType = text.xcconfig; name = "Pods-foddApp-foddAppUITests.release.xcconfig"; path = "Target Support Files/Pods-foddApp-foddAppUITests/Pods-foddApp-foddAppUITests.release.xcconfig"; sourceTree = "<group>"; };
		475805BC4E551E294D4306D8 /* Pods_foddApp.framework */ = {isa = PBXFileReference; explicitFileType = wrapper.framework; includeInIndex = 0; path = Pods_foddApp.framework; sourceTree = BUILT_PRODUCTS_DIR; };
		5ACCF37C40F60DDF89E09949 /* Pods_foddAppTests.framework */ = {isa = PBXFileReference; explicitFileType = wrapper.framework; includeInIndex = 0; path = Pods_foddAppTests.framework; sourceTree = BUILT_PRODUCTS_DIR; };
		844F108125F5448E0038A7B4 /* DetailViewController.swift */ = {isa = PBXFileReference; lastKnownFileType = sourcecode.swift; path = DetailViewController.swift; sourceTree = "<group>"; };
		845D12F825F00B18004035E0 /* HomeViewController.swift */ = {isa = PBXFileReference; lastKnownFileType = sourcecode.swift; path = HomeViewController.swift; sourceTree = "<group>"; };
		845D130525F00DE8004035E0 /* Constrants.swift */ = {isa = PBXFileReference; lastKnownFileType = sourcecode.swift; path = Constrants.swift; sourceTree = "<group>"; };
		8476BF2E25F0B27600A902C2 /* Loging.swift */ = {isa = PBXFileReference; lastKnownFileType = sourcecode.swift; path = Loging.swift; sourceTree = "<group>"; };
		847EE58C25EF855C009BFDC2 /* foddApp.app */ = {isa = PBXFileReference; explicitFileType = wrapper.application; includeInIndex = 0; path = foddApp.app; sourceTree = BUILT_PRODUCTS_DIR; };
		847EE58F25EF855C009BFDC2 /* AppDelegate.swift */ = {isa = PBXFileReference; lastKnownFileType = sourcecode.swift; path = AppDelegate.swift; sourceTree = "<group>"; };
		847EE59125EF855C009BFDC2 /* SceneDelegate.swift */ = {isa = PBXFileReference; lastKnownFileType = sourcecode.swift; path = SceneDelegate.swift; sourceTree = "<group>"; };
		847EE59325EF855C009BFDC2 /* ViewController.swift */ = {isa = PBXFileReference; lastKnownFileType = sourcecode.swift; path = ViewController.swift; sourceTree = "<group>"; };
		847EE59625EF855C009BFDC2 /* Base */ = {isa = PBXFileReference; lastKnownFileType = file.storyboard; name = Base; path = Base.lproj/Main.storyboard; sourceTree = "<group>"; };
		847EE59825EF855D009BFDC2 /* Assets.xcassets */ = {isa = PBXFileReference; lastKnownFileType = folder.assetcatalog; path = Assets.xcassets; sourceTree = "<group>"; };
		847EE59B25EF855D009BFDC2 /* Base */ = {isa = PBXFileReference; lastKnownFileType = file.storyboard; name = Base; path = Base.lproj/LaunchScreen.storyboard; sourceTree = "<group>"; };
		847EE59D25EF855D009BFDC2 /* Info.plist */ = {isa = PBXFileReference; lastKnownFileType = text.plist.xml; path = Info.plist; sourceTree = "<group>"; };
		847EE5A225EF855D009BFDC2 /* foddAppTests.xctest */ = {isa = PBXFileReference; explicitFileType = wrapper.cfbundle; includeInIndex = 0; path = foddAppTests.xctest; sourceTree = BUILT_PRODUCTS_DIR; };
		847EE5A625EF855D009BFDC2 /* foddAppTests.swift */ = {isa = PBXFileReference; lastKnownFileType = sourcecode.swift; path = foddAppTests.swift; sourceTree = "<group>"; };
		847EE5A825EF855D009BFDC2 /* Info.plist */ = {isa = PBXFileReference; lastKnownFileType = text.plist.xml; path = Info.plist; sourceTree = "<group>"; };
		847EE5AD25EF855D009BFDC2 /* foddAppUITests.xctest */ = {isa = PBXFileReference; explicitFileType = wrapper.cfbundle; includeInIndex = 0; path = foddAppUITests.xctest; sourceTree = BUILT_PRODUCTS_DIR; };
		847EE5B125EF855D009BFDC2 /* foddAppUITests.swift */ = {isa = PBXFileReference; lastKnownFileType = sourcecode.swift; path = foddAppUITests.swift; sourceTree = "<group>"; };
		847EE5B325EF855D009BFDC2 /* Info.plist */ = {isa = PBXFileReference; lastKnownFileType = text.plist.xml; path = Info.plist; sourceTree = "<group>"; };
		847EE5C225EF8940009BFDC2 /* GoogleService-Info.plist */ = {isa = PBXFileReference; fileEncoding = 4; lastKnownFileType = text.plist.xml; path = "GoogleService-Info.plist"; sourceTree = "<group>"; };
		847EE5E125EFB88E009BFDC2 /* SingupViewController.swift */ = {isa = PBXFileReference; lastKnownFileType = sourcecode.swift; path = SingupViewController.swift; sourceTree = "<group>"; };
		84AD67BA25F2523B00A5F19B /* CellTableViewCell.swift */ = {isa = PBXFileReference; lastKnownFileType = sourcecode.swift; path = CellTableViewCell.swift; sourceTree = "<group>"; };
		84DD121C25EFC027008D2559 /* LogingViewController.swift */ = {isa = PBXFileReference; lastKnownFileType = sourcecode.swift; path = LogingViewController.swift; sourceTree = "<group>"; };
		87EF0A58B53BF313B37436A1 /* Pods_foddApp_foddAppUITests.framework */ = {isa = PBXFileReference; explicitFileType = wrapper.framework; includeInIndex = 0; path = Pods_foddApp_foddAppUITests.framework; sourceTree = BUILT_PRODUCTS_DIR; };
		A65918EDEF0264E7210CD8CC /* Pods-foddAppTests.release.xcconfig */ = {isa = PBXFileReference; includeInIndex = 1; lastKnownFileType = text.xcconfig; name = "Pods-foddAppTests.release.xcconfig"; path = "Target Support Files/Pods-foddAppTests/Pods-foddAppTests.release.xcconfig"; sourceTree = "<group>"; };
		D442DC705558EC08F4A8FA1D /* Pods-foddAppTests.debug.xcconfig */ = {isa = PBXFileReference; includeInIndex = 1; lastKnownFileType = text.xcconfig; name = "Pods-foddAppTests.debug.xcconfig"; path = "Target Support Files/Pods-foddAppTests/Pods-foddAppTests.debug.xcconfig"; sourceTree = "<group>"; };
		D71BA0022FD0097BB37121D7 /* Pods-foddApp.debug.xcconfig */ = {isa = PBXFileReference; includeInIndex = 1; lastKnownFileType = text.xcconfig; name = "Pods-foddApp.debug.xcconfig"; path = "Target Support Files/Pods-foddApp/Pods-foddApp.debug.xcconfig"; sourceTree = "<group>"; };
		DEBBD2CBE999965228189865 /* Pods-foddApp.release.xcconfig */ = {isa = PBXFileReference; includeInIndex = 1; lastKnownFileType = text.xcconfig; name = "Pods-foddApp.release.xcconfig"; path = "Target Support Files/Pods-foddApp/Pods-foddApp.release.xcconfig"; sourceTree = "<group>"; };
		F92BB3F70C50791CFA01D9DB /* Pods-foddApp-foddAppUITests.debug.xcconfig */ = {isa = PBXFileReference; includeInIndex = 1; lastKnownFileType = text.xcconfig; name = "Pods-foddApp-foddAppUITests.debug.xcconfig"; path = "Target Support Files/Pods-foddApp-foddAppUITests/Pods-foddApp-foddAppUITests.debug.xcconfig"; sourceTree = "<group>"; };
/* End PBXFileReference section */

/* Begin PBXFrameworksBuildPhase section */
		847EE58925EF855C009BFDC2 /* Frameworks */ = {
			isa = PBXFrameworksBuildPhase;
			buildActionMask = 2147483647;
			files = (
				B0F746B0EFE52B4B8E548DCA /* Pods_foddApp.framework in Frameworks */,
			);
			runOnlyForDeploymentPostprocessing = 0;
		};
		847EE59F25EF855D009BFDC2 /* Frameworks */ = {
			isa = PBXFrameworksBuildPhase;
			buildActionMask = 2147483647;
			files = (
				B01D8BB9F63E2C6B3610657F /* Pods_foddAppTests.framework in Frameworks */,
			);
			runOnlyForDeploymentPostprocessing = 0;
		};
		847EE5AA25EF855D009BFDC2 /* Frameworks */ = {
			isa = PBXFrameworksBuildPhase;
			buildActionMask = 2147483647;
			files = (
				5181C8FB112A3598B88428FD /* Pods_foddApp_foddAppUITests.framework in Frameworks */,
			);
			runOnlyForDeploymentPostprocessing = 0;
		};
/* End PBXFrameworksBuildPhase section */

/* Begin PBXGroup section */
		1B40183F6A442B0C7B3BDE72 /* Pods */ = {
			isa = PBXGroup;
			children = (
				D71BA0022FD0097BB37121D7 /* Pods-foddApp.debug.xcconfig */,
				DEBBD2CBE999965228189865 /* Pods-foddApp.release.xcconfig */,
				F92BB3F70C50791CFA01D9DB /* Pods-foddApp-foddAppUITests.debug.xcconfig */,
				413C6581B3BB8E2347F8151C /* Pods-foddApp-foddAppUITests.release.xcconfig */,
				D442DC705558EC08F4A8FA1D /* Pods-foddAppTests.debug.xcconfig */,
				A65918EDEF0264E7210CD8CC /* Pods-foddAppTests.release.xcconfig */,
			);
			path = Pods;
			sourceTree = "<group>";
		};
		847EE58325EF855C009BFDC2 = {
			isa = PBXGroup;
			children = (
				847EE58E25EF855C009BFDC2 /* foddApp */,
				847EE5A525EF855D009BFDC2 /* foddAppTests */,
				847EE5B025EF855D009BFDC2 /* foddAppUITests */,
				847EE58D25EF855C009BFDC2 /* Products */,
				1B40183F6A442B0C7B3BDE72 /* Pods */,
				D86FEBA14CCEC0C2B4C1DE52 /* Frameworks */,
			);
			sourceTree = "<group>";
		};
		847EE58D25EF855C009BFDC2 /* Products */ = {
			isa = PBXGroup;
			children = (
				847EE58C25EF855C009BFDC2 /* foddApp.app */,
				847EE5A225EF855D009BFDC2 /* foddAppTests.xctest */,
				847EE5AD25EF855D009BFDC2 /* foddAppUITests.xctest */,
			);
			name = Products;
			sourceTree = "<group>";
		};
		847EE58E25EF855C009BFDC2 /* foddApp */ = {
			isa = PBXGroup;
			children = (
				84DD122125EFC16D008D2559 /* Helepers */,
				847EE5E625EFB8CE009BFDC2 /* viewControllers */,
				847EE58F25EF855C009BFDC2 /* AppDelegate.swift */,
				847EE59125EF855C009BFDC2 /* SceneDelegate.swift */,
				847EE59525EF855C009BFDC2 /* Main.storyboard */,
				847EE59825EF855D009BFDC2 /* Assets.xcassets */,
				847EE5C225EF8940009BFDC2 /* GoogleService-Info.plist */,
				847EE59A25EF855D009BFDC2 /* LaunchScreen.storyboard */,
				847EE59D25EF855D009BFDC2 /* Info.plist */,
				84AD67BA25F2523B00A5F19B /* CellTableViewCell.swift */,
				844F108125F5448E0038A7B4 /* DetailViewController.swift */,
			);
			path = foddApp;
			sourceTree = "<group>";
		};
		847EE5A525EF855D009BFDC2 /* foddAppTests */ = {
			isa = PBXGroup;
			children = (
				847EE5A625EF855D009BFDC2 /* foddAppTests.swift */,
				847EE5A825EF855D009BFDC2 /* Info.plist */,
			);
			path = foddAppTests;
			sourceTree = "<group>";
		};
		847EE5B025EF855D009BFDC2 /* foddAppUITests */ = {
			isa = PBXGroup;
			children = (
				847EE5B125EF855D009BFDC2 /* foddAppUITests.swift */,
				847EE5B325EF855D009BFDC2 /* Info.plist */,
			);
			path = foddAppUITests;
			sourceTree = "<group>";
		};
		847EE5E625EFB8CE009BFDC2 /* viewControllers */ = {
			isa = PBXGroup;
			children = (
				84DD121C25EFC027008D2559 /* LogingViewController.swift */,
				847EE59325EF855C009BFDC2 /* ViewController.swift */,
				847EE5E125EFB88E009BFDC2 /* SingupViewController.swift */,
				845D12F825F00B18004035E0 /* HomeViewController.swift */,
			);
			path = viewControllers;
			sourceTree = "<group>";
		};
		84DD122125EFC16D008D2559 /* Helepers */ = {
			isa = PBXGroup;
			children = (
				845D130525F00DE8004035E0 /* Constrants.swift */,
				8476BF2E25F0B27600A902C2 /* Loging.swift */,
			);
			path = Helepers;
			sourceTree = "<group>";
		};
		D86FEBA14CCEC0C2B4C1DE52 /* Frameworks */ = {
			isa = PBXGroup;
			children = (
				475805BC4E551E294D4306D8 /* Pods_foddApp.framework */,
				87EF0A58B53BF313B37436A1 /* Pods_foddApp_foddAppUITests.framework */,
				5ACCF37C40F60DDF89E09949 /* Pods_foddAppTests.framework */,
			);
			name = Frameworks;
			sourceTree = "<group>";
		};
/* End PBXGroup section */

/* Begin PBXNativeTarget section */
		847EE58B25EF855C009BFDC2 /* foddApp */ = {
			isa = PBXNativeTarget;
			buildConfigurationList = 847EE5B625EF855D009BFDC2 /* Build configuration list for PBXNativeTarget "foddApp" */;
			buildPhases = (
				1159CD409555A5DCA4625CF6 /* [CP] Check Pods Manifest.lock */,
				847EE58825EF855C009BFDC2 /* Sources */,
				847EE58925EF855C009BFDC2 /* Frameworks */,
				847EE58A25EF855C009BFDC2 /* Resources */,
				DA7FF8BDB79068F82A8C6031 /* [CP] Embed Pods Frameworks */,
			);
			buildRules = (
			);
			dependencies = (
			);
			name = foddApp;
			productName = foddApp;
			productReference = 847EE58C25EF855C009BFDC2 /* foddApp.app */;
			productType = "com.apple.product-type.application";
		};
		847EE5A125EF855D009BFDC2 /* foddAppTests */ = {
			isa = PBXNativeTarget;
			buildConfigurationList = 847EE5B925EF855D009BFDC2 /* Build configuration list for PBXNativeTarget "foddAppTests" */;
			buildPhases = (
				9561364F75163B62B0B49C15 /* [CP] Check Pods Manifest.lock */,
				847EE59E25EF855D009BFDC2 /* Sources */,
				847EE59F25EF855D009BFDC2 /* Frameworks */,
				847EE5A025EF855D009BFDC2 /* Resources */,
			);
			buildRules = (
			);
			dependencies = (
				847EE5A425EF855D009BFDC2 /* PBXTargetDependency */,
			);
			name = foddAppTests;
			productName = foddAppTests;
			productReference = 847EE5A225EF855D009BFDC2 /* foddAppTests.xctest */;
			productType = "com.apple.product-type.bundle.unit-test";
		};
		847EE5AC25EF855D009BFDC2 /* foddAppUITests */ = {
			isa = PBXNativeTarget;
			buildConfigurationList = 847EE5BC25EF855D009BFDC2 /* Build configuration list for PBXNativeTarget "foddAppUITests" */;
			buildPhases = (
				5F0E005A39219DF344A43AB9 /* [CP] Check Pods Manifest.lock */,
				847EE5A925EF855D009BFDC2 /* Sources */,
				847EE5AA25EF855D009BFDC2 /* Frameworks */,
				847EE5AB25EF855D009BFDC2 /* Resources */,
				D58F75DAF6011EF415BD334D /* [CP] Embed Pods Frameworks */,
			);
			buildRules = (
			);
			dependencies = (
				847EE5AF25EF855D009BFDC2 /* PBXTargetDependency */,
			);
			name = foddAppUITests;
			productName = foddAppUITests;
			productReference = 847EE5AD25EF855D009BFDC2 /* foddAppUITests.xctest */;
			productType = "com.apple.product-type.bundle.ui-testing";
		};
/* End PBXNativeTarget section */

/* Begin PBXProject section */
		847EE58425EF855C009BFDC2 /* Project object */ = {
			isa = PBXProject;
			attributes = {
				LastSwiftUpdateCheck = 1240;
				LastUpgradeCheck = 1240;
				TargetAttributes = {
					847EE58B25EF855C009BFDC2 = {
						CreatedOnToolsVersion = 12.4;
					};
					847EE5A125EF855D009BFDC2 = {
						CreatedOnToolsVersion = 12.4;
						TestTargetID = 847EE58B25EF855C009BFDC2;
					};
					847EE5AC25EF855D009BFDC2 = {
						CreatedOnToolsVersion = 12.4;
						TestTargetID = 847EE58B25EF855C009BFDC2;
					};
				};
			};
			buildConfigurationList = 847EE58725EF855C009BFDC2 /* Build configuration list for PBXProject "foddApp" */;
			compatibilityVersion = "Xcode 9.3";
			developmentRegion = en;
			hasScannedForEncodings = 0;
			knownRegions = (
				en,
				Base,
			);
			mainGroup = 847EE58325EF855C009BFDC2;
			productRefGroup = 847EE58D25EF855C009BFDC2 /* Products */;
			projectDirPath = "";
			projectRoot = "";
			targets = (
				847EE58B25EF855C009BFDC2 /* foddApp */,
				847EE5A125EF855D009BFDC2 /* foddAppTests */,
				847EE5AC25EF855D009BFDC2 /* foddAppUITests */,
			);
		};
/* End PBXProject section */

/* Begin PBXResourcesBuildPhase section */
		847EE58A25EF855C009BFDC2 /* Resources */ = {
			isa = PBXResourcesBuildPhase;
			buildActionMask = 2147483647;
			files = (
				847EE59C25EF855D009BFDC2 /* LaunchScreen.storyboard in Resources */,
				847EE5C325EF8940009BFDC2 /* GoogleService-Info.plist in Resources */,
				847EE59925EF855D009BFDC2 /* Assets.xcassets in Resources */,
				847EE59725EF855C009BFDC2 /* Main.storyboard in Resources */,
			);
			runOnlyForDeploymentPostprocessing = 0;
		};
		847EE5A025EF855D009BFDC2 /* Resources */ = {
			isa = PBXResourcesBuildPhase;
			buildActionMask = 2147483647;
			files = (
				847EE5C425EF8940009BFDC2 /* GoogleService-Info.plist in Resources */,
			);
			runOnlyForDeploymentPostprocessing = 0;
		};
		847EE5AB25EF855D009BFDC2 /* Resources */ = {
			isa = PBXResourcesBuildPhase;
			buildActionMask = 2147483647;
			files = (
				847EE5C525EF8940009BFDC2 /* GoogleService-Info.plist in Resources */,
			);
			runOnlyForDeploymentPostprocessing = 0;
		};
/* End PBXResourcesBuildPhase section */

/* Begin PBXShellScriptBuildPhase section */
		1159CD409555A5DCA4625CF6 /* [CP] Check Pods Manifest.lock */ = {
			isa = PBXShellScriptBuildPhase;
			buildActionMask = 2147483647;
			files = (
			);
			inputFileListPaths = (
			);
			inputPaths = (
				"${PODS_PODFILE_DIR_PATH}/Podfile.lock",
				"${PODS_ROOT}/Manifest.lock",
			);
			name = "[CP] Check Pods Manifest.lock";
			outputFileListPaths = (
			);
			outputPaths = (
				"$(DERIVED_FILE_DIR)/Pods-foddApp-checkManifestLockResult.txt",
			);
			runOnlyForDeploymentPostprocessing = 0;
			shellPath = /bin/sh;
			shellScript = "diff \"${PODS_PODFILE_DIR_PATH}/Podfile.lock\" \"${PODS_ROOT}/Manifest.lock\" > /dev/null\nif [ $? != 0 ] ; then\n    # print error to STDERR\n    echo \"error: The sandbox is not in sync with the Podfile.lock. Run 'pod install' or update your CocoaPods installation.\" >&2\n    exit 1\nfi\n# This output is used by Xcode 'outputs' to avoid re-running this script phase.\necho \"SUCCESS\" > \"${SCRIPT_OUTPUT_FILE_0}\"\n";
			showEnvVarsInLog = 0;
		};
		5F0E005A39219DF344A43AB9 /* [CP] Check Pods Manifest.lock */ = {
			isa = PBXShellScriptBuildPhase;
			buildActionMask = 2147483647;
			files = (
			);
			inputFileListPaths = (
			);
			inputPaths = (
				"${PODS_PODFILE_DIR_PATH}/Podfile.lock",
				"${PODS_ROOT}/Manifest.lock",
			);
			name = "[CP] Check Pods Manifest.lock";
			outputFileListPaths = (
			);
			outputPaths = (
				"$(DERIVED_FILE_DIR)/Pods-foddApp-foddAppUITests-checkManifestLockResult.txt",
			);
			runOnlyForDeploymentPostprocessing = 0;
			shellPath = /bin/sh;
			shellScript = "diff \"${PODS_PODFILE_DIR_PATH}/Podfile.lock\" \"${PODS_ROOT}/Manifest.lock\" > /dev/null\nif [ $? != 0 ] ; then\n    # print error to STDERR\n    echo \"error: The sandbox is not in sync with the Podfile.lock. Run 'pod install' or update your CocoaPods installation.\" >&2\n    exit 1\nfi\n# This output is used by Xcode 'outputs' to avoid re-running this script phase.\necho \"SUCCESS\" > \"${SCRIPT_OUTPUT_FILE_0}\"\n";
			showEnvVarsInLog = 0;
		};
		9561364F75163B62B0B49C15 /* [CP] Check Pods Manifest.lock */ = {
			isa = PBXShellScriptBuildPhase;
			buildActionMask = 2147483647;
			files = (
			);
			inputFileListPaths = (
			);
			inputPaths = (
				"${PODS_PODFILE_DIR_PATH}/Podfile.lock",
				"${PODS_ROOT}/Manifest.lock",
			);
			name = "[CP] Check Pods Manifest.lock";
			outputFileListPaths = (
			);
			outputPaths = (
				"$(DERIVED_FILE_DIR)/Pods-foddAppTests-checkManifestLockResult.txt",
			);
			runOnlyForDeploymentPostprocessing = 0;
			shellPath = /bin/sh;
			shellScript = "diff \"${PODS_PODFILE_DIR_PATH}/Podfile.lock\" \"${PODS_ROOT}/Manifest.lock\" > /dev/null\nif [ $? != 0 ] ; then\n    # print error to STDERR\n    echo \"error: The sandbox is not in sync with the Podfile.lock. Run 'pod install' or update your CocoaPods installation.\" >&2\n    exit 1\nfi\n# This output is used by Xcode 'outputs' to avoid re-running this script phase.\necho \"SUCCESS\" > \"${SCRIPT_OUTPUT_FILE_0}\"\n";
			showEnvVarsInLog = 0;
		};
		D58F75DAF6011EF415BD334D /* [CP] Embed Pods Frameworks */ = {
			isa = PBXShellScriptBuildPhase;
			buildActionMask = 2147483647;
			files = (
			);
			inputFileListPaths = (
				"${PODS_ROOT}/Target Support Files/Pods-foddApp-foddAppUITests/Pods-foddApp-foddAppUITests-frameworks-${CONFIGURATION}-input-files.xcfilelist",
			);
			name = "[CP] Embed Pods Frameworks";
			outputFileListPaths = (
				"${PODS_ROOT}/Target Support Files/Pods-foddApp-foddAppUITests/Pods-foddApp-foddAppUITests-frameworks-${CONFIGURATION}-output-files.xcfilelist",
			);
			runOnlyForDeploymentPostprocessing = 0;
			shellPath = /bin/sh;
			shellScript = "\"${PODS_ROOT}/Target Support Files/Pods-foddApp-foddAppUITests/Pods-foddApp-foddAppUITests-frameworks.sh\"\n";
			showEnvVarsInLog = 0;
		};
		DA7FF8BDB79068F82A8C6031 /* [CP] Embed Pods Frameworks */ = {
			isa = PBXShellScriptBuildPhase;
			buildActionMask = 2147483647;
			files = (
			);
			inputFileListPaths = (
				"${PODS_ROOT}/Target Support Files/Pods-foddApp/Pods-foddApp-frameworks-${CONFIGURATION}-input-files.xcfilelist",
			);
			name = "[CP] Embed Pods Frameworks";
			outputFileListPaths = (
				"${PODS_ROOT}/Target Support Files/Pods-foddApp/Pods-foddApp-frameworks-${CONFIGURATION}-output-files.xcfilelist",
			);
			runOnlyForDeploymentPostprocessing = 0;
			shellPath = /bin/sh;
			shellScript = "\"${PODS_ROOT}/Target Support Files/Pods-foddApp/Pods-foddApp-frameworks.sh\"\n";
			showEnvVarsInLog = 0;
		};
/* End PBXShellScriptBuildPhase section */

/* Begin PBXSourcesBuildPhase section */
		847EE58825EF855C009BFDC2 /* Sources */ = {
			isa = PBXSourcesBuildPhase;
			buildActionMask = 2147483647;
			files = (
				847EE59425EF855C009BFDC2 /* ViewController.swift in Sources */,
				847EE59025EF855C009BFDC2 /* AppDelegate.swift in Sources */,
				847EE5E225EFB88E009BFDC2 /* SingupViewController.swift in Sources */,
				845D130625F00DE8004035E0 /* Constrants.swift in Sources */,
				847EE59225EF855C009BFDC2 /* SceneDelegate.swift in Sources */,
				84DD121D25EFC027008D2559 /* LogingViewController.swift in Sources */,
				84AD67BB25F2523B00A5F19B /* CellTableViewCell.swift in Sources */,
				844F108225F5448E0038A7B4 /* DetailViewController.swift in Sources */,
				845D12F925F00B18004035E0 /* HomeViewController.swift in Sources */,
				8476BF2F25F0B27600A902C2 /* Loging.swift in Sources */,
			);
			runOnlyForDeploymentPostprocessing = 0;
		};
		847EE59E25EF855D009BFDC2 /* Sources */ = {
			isa = PBXSourcesBuildPhase;
			buildActionMask = 2147483647;
			files = (
				847EE5A725EF855D009BFDC2 /* foddAppTests.swift in Sources */,
			);
			runOnlyForDeploymentPostprocessing = 0;
		};
		847EE5A925EF855D009BFDC2 /* Sources */ = {
			isa = PBXSourcesBuildPhase;
			buildActionMask = 2147483647;
			files = (
				847EE5B225EF855D009BFDC2 /* foddAppUITests.swift in Sources */,
			);
			runOnlyForDeploymentPostprocessing = 0;
		};
/* End PBXSourcesBuildPhase section */

/* Begin PBXTargetDependency section */
		847EE5A425EF855D009BFDC2 /* PBXTargetDependency */ = {
			isa = PBXTargetDependency;
			target = 847EE58B25EF855C009BFDC2 /* foddApp */;
			targetProxy = 847EE5A325EF855D009BFDC2 /* PBXContainerItemProxy */;
		};
		847EE5AF25EF855D009BFDC2 /* PBXTargetDependency */ = {
			isa = PBXTargetDependency;
			target = 847EE58B25EF855C009BFDC2 /* foddApp */;
			targetProxy = 847EE5AE25EF855D009BFDC2 /* PBXContainerItemProxy */;
		};
/* End PBXTargetDependency section */

/* Begin PBXVariantGroup section */
		847EE59525EF855C009BFDC2 /* Main.storyboard */ = {
			isa = PBXVariantGroup;
			children = (
				847EE59625EF855C009BFDC2 /* Base */,
			);
			name = Main.storyboard;
			sourceTree = "<group>";
		};
		847EE59A25EF855D009BFDC2 /* LaunchScreen.storyboard */ = {
			isa = PBXVariantGroup;
			children = (
				847EE59B25EF855D009BFDC2 /* Base */,
			);
			name = LaunchScreen.storyboard;
			sourceTree = "<group>";
		};
/* End PBXVariantGroup section */

/* Begin XCBuildConfiguration section */
		847EE5B425EF855D009BFDC2 /* Debug */ = {
			isa = XCBuildConfiguration;
			buildSettings = {
				ALWAYS_SEARCH_USER_PATHS = NO;
				CLANG_ANALYZER_NONNULL = YES;
				CLANG_ANALYZER_NUMBER_OBJECT_CONVERSION = YES_AGGRESSIVE;
				CLANG_CXX_LANGUAGE_STANDARD = "gnu++14";
				CLANG_CXX_LIBRARY = "libc++";
				CLANG_ENABLE_MODULES = YES;
				CLANG_ENABLE_OBJC_ARC = YES;
				CLANG_ENABLE_OBJC_WEAK = YES;
				CLANG_WARN_BLOCK_CAPTURE_AUTORELEASING = YES;
				CLANG_WARN_BOOL_CONVERSION = YES;
				CLANG_WARN_COMMA = YES;
				CLANG_WARN_CONSTANT_CONVERSION = YES;
				CLANG_WARN_DEPRECATED_OBJC_IMPLEMENTATIONS = YES;
				CLANG_WARN_DIRECT_OBJC_ISA_USAGE = YES_ERROR;
				CLANG_WARN_DOCUMENTATION_COMMENTS = YES;
				CLANG_WARN_EMPTY_BODY = YES;
				CLANG_WARN_ENUM_CONVERSION = YES;
				CLANG_WARN_INFINITE_RECURSION = YES;
				CLANG_WARN_INT_CONVERSION = YES;
				CLANG_WARN_NON_LITERAL_NULL_CONVERSION = YES;
				CLANG_WARN_OBJC_IMPLICIT_RETAIN_SELF = YES;
				CLANG_WARN_OBJC_LITERAL_CONVERSION = YES;
				CLANG_WARN_OBJC_ROOT_CLASS = YES_ERROR;
				CLANG_WARN_QUOTED_INCLUDE_IN_FRAMEWORK_HEADER = YES;
				CLANG_WARN_RANGE_LOOP_ANALYSIS = YES;
				CLANG_WARN_STRICT_PROTOTYPES = YES;
				CLANG_WARN_SUSPICIOUS_MOVE = YES;
				CLANG_WARN_UNGUARDED_AVAILABILITY = YES_AGGRESSIVE;
				CLANG_WARN_UNREACHABLE_CODE = YES;
				CLANG_WARN__DUPLICATE_METHOD_MATCH = YES;
				COPY_PHASE_STRIP = NO;
				DEBUG_INFORMATION_FORMAT = dwarf;
				ENABLE_STRICT_OBJC_MSGSEND = YES;
				ENABLE_TESTABILITY = YES;
				GCC_C_LANGUAGE_STANDARD = gnu11;
				GCC_DYNAMIC_NO_PIC = NO;
				GCC_NO_COMMON_BLOCKS = YES;
				GCC_OPTIMIZATION_LEVEL = 0;
				GCC_PREPROCESSOR_DEFINITIONS = (
					"DEBUG=1",
					"$(inherited)",
				);
				GCC_WARN_64_TO_32_BIT_CONVERSION = YES;
				GCC_WARN_ABOUT_RETURN_TYPE = YES_ERROR;
				GCC_WARN_UNDECLARED_SELECTOR = YES;
				GCC_WARN_UNINITIALIZED_AUTOS = YES_AGGRESSIVE;
				GCC_WARN_UNUSED_FUNCTION = YES;
				GCC_WARN_UNUSED_VARIABLE = YES;
				IPHONEOS_DEPLOYMENT_TARGET = 14.4;
				MTL_ENABLE_DEBUG_INFO = INCLUDE_SOURCE;
				MTL_FAST_MATH = YES;
				ONLY_ACTIVE_ARCH = YES;
				SDKROOT = iphoneos;
				SWIFT_ACTIVE_COMPILATION_CONDITIONS = DEBUG;
				SWIFT_OPTIMIZATION_LEVEL = "-Onone";
			};
			name = Debug;
		};
		847EE5B525EF855D009BFDC2 /* Release */ = {
			isa = XCBuildConfiguration;
			buildSettings = {
				ALWAYS_SEARCH_USER_PATHS = NO;
				CLANG_ANALYZER_NONNULL = YES;
				CLANG_ANALYZER_NUMBER_OBJECT_CONVERSION = YES_AGGRESSIVE;
				CLANG_CXX_LANGUAGE_STANDARD = "gnu++14";
				CLANG_CXX_LIBRARY = "libc++";
				CLANG_ENABLE_MODULES = YES;
				CLANG_ENABLE_OBJC_ARC = YES;
				CLANG_ENABLE_OBJC_WEAK = YES;
				CLANG_WARN_BLOCK_CAPTURE_AUTORELEASING = YES;
				CLANG_WARN_BOOL_CONVERSION = YES;
				CLANG_WARN_COMMA = YES;
				CLANG_WARN_CONSTANT_CONVERSION = YES;
				CLANG_WARN_DEPRECATED_OBJC_IMPLEMENTATIONS = YES;
				CLANG_WARN_DIRECT_OBJC_ISA_USAGE = YES_ERROR;
				CLANG_WARN_DOCUMENTATION_COMMENTS = YES;
				CLANG_WARN_EMPTY_BODY = YES;
				CLANG_WARN_ENUM_CONVERSION = YES;
				CLANG_WARN_INFINITE_RECURSION = YES;
				CLANG_WARN_INT_CONVERSION = YES;
				CLANG_WARN_NON_LITERAL_NULL_CONVERSION = YES;
				CLANG_WARN_OBJC_IMPLICIT_RETAIN_SELF = YES;
				CLANG_WARN_OBJC_LITERAL_CONVERSION = YES;
				CLANG_WARN_OBJC_ROOT_CLASS = YES_ERROR;
				CLANG_WARN_QUOTED_INCLUDE_IN_FRAMEWORK_HEADER = YES;
				CLANG_WARN_RANGE_LOOP_ANALYSIS = YES;
				CLANG_WARN_STRICT_PROTOTYPES = YES;
				CLANG_WARN_SUSPICIOUS_MOVE = YES;
				CLANG_WARN_UNGUARDED_AVAILABILITY = YES_AGGRESSIVE;
				CLANG_WARN_UNREACHABLE_CODE = YES;
				CLANG_WARN__DUPLICATE_METHOD_MATCH = YES;
				COPY_PHASE_STRIP = NO;
				DEBUG_INFORMATION_FORMAT = "dwarf-with-dsym";
				ENABLE_NS_ASSERTIONS = NO;
				ENABLE_STRICT_OBJC_MSGSEND = YES;
				GCC_C_LANGUAGE_STANDARD = gnu11;
				GCC_NO_COMMON_BLOCKS = YES;
				GCC_WARN_64_TO_32_BIT_CONVERSION = YES;
				GCC_WARN_ABOUT_RETURN_TYPE = YES_ERROR;
				GCC_WARN_UNDECLARED_SELECTOR = YES;
				GCC_WARN_UNINITIALIZED_AUTOS = YES_AGGRESSIVE;
				GCC_WARN_UNUSED_FUNCTION = YES;
				GCC_WARN_UNUSED_VARIABLE = YES;
				IPHONEOS_DEPLOYMENT_TARGET = 14.4;
				MTL_ENABLE_DEBUG_INFO = NO;
				MTL_FAST_MATH = YES;
				SDKROOT = iphoneos;
				SWIFT_COMPILATION_MODE = wholemodule;
				SWIFT_OPTIMIZATION_LEVEL = "-O";
				VALIDATE_PRODUCT = YES;
			};
			name = Release;
		};
		847EE5B725EF855D009BFDC2 /* Debug */ = {
			isa = XCBuildConfiguration;
			baseConfigurationReference = D71BA0022FD0097BB37121D7 /* Pods-foddApp.debug.xcconfig */;
			buildSettings = {
				ASSETCATALOG_COMPILER_APPICON_NAME = AppIcon;
				ASSETCATALOG_COMPILER_GLOBAL_ACCENT_COLOR_NAME = AccentColor;
				CODE_SIGN_STYLE = Automatic;
				INFOPLIST_FILE = foddApp/Info.plist;
				LD_RUNPATH_SEARCH_PATHS = (
					"$(inherited)",
					"@executable_path/Frameworks",
				);
				PRODUCT_BUNDLE_IDENTIFIER = Christopher.foddApp;
				PRODUCT_NAME = "$(TARGET_NAME)";
				SWIFT_VERSION = 5.0;
				TARGETED_DEVICE_FAMILY = "1,2";
			};
			name = Debug;
		};
		847EE5B825EF855D009BFDC2 /* Release */ = {
			isa = XCBuildConfiguration;
			baseConfigurationReference = DEBBD2CBE999965228189865 /* Pods-foddApp.release.xcconfig */;
			buildSettings = {
				ASSETCATALOG_COMPILER_APPICON_NAME = AppIcon;
				ASSETCATALOG_COMPILER_GLOBAL_ACCENT_COLOR_NAME = AccentColor;
				CODE_SIGN_STYLE = Automatic;
				INFOPLIST_FILE = foddApp/Info.plist;
				LD_RUNPATH_SEARCH_PATHS = (
					"$(inherited)",
					"@executable_path/Frameworks",
				);
				PRODUCT_BUNDLE_IDENTIFIER = Christopher.foddApp;
				PRODUCT_NAME = "$(TARGET_NAME)";
				SWIFT_VERSION = 5.0;
				TARGETED_DEVICE_FAMILY = "1,2";
			};
			name = Release;
		};
		847EE5BA25EF855D009BFDC2 /* Debug */ = {
			isa = XCBuildConfiguration;
			baseConfigurationReference = D442DC705558EC08F4A8FA1D /* Pods-foddAppTests.debug.xcconfig */;
			buildSettings = {
				ALWAYS_EMBED_SWIFT_STANDARD_LIBRARIES = YES;
				BUNDLE_LOADER = "$(TEST_HOST)";
				CODE_SIGN_STYLE = Automatic;
				INFOPLIST_FILE = foddAppTests/Info.plist;
				IPHONEOS_DEPLOYMENT_TARGET = 14.4;
				LD_RUNPATH_SEARCH_PATHS = (
					"$(inherited)",
					"@executable_path/Frameworks",
					"@loader_path/Frameworks",
				);
				PRODUCT_BUNDLE_IDENTIFIER = Christopher.foddAppTests;
				PRODUCT_NAME = "$(TARGET_NAME)";
				SWIFT_VERSION = 5.0;
				TARGETED_DEVICE_FAMILY = "1,2";
				TEST_HOST = "$(BUILT_PRODUCTS_DIR)/foddApp.app/foddApp";
			};
			name = Debug;
		};
		847EE5BB25EF855D009BFDC2 /* Release */ = {
			isa = XCBuildConfiguration;
			baseConfigurationReference = A65918EDEF0264E7210CD8CC /* Pods-foddAppTests.release.xcconfig */;
			buildSettings = {
				ALWAYS_EMBED_SWIFT_STANDARD_LIBRARIES = YES;
				BUNDLE_LOADER = "$(TEST_HOST)";
				CODE_SIGN_STYLE = Automatic;
				INFOPLIST_FILE = foddAppTests/Info.plist;
				IPHONEOS_DEPLOYMENT_TARGET = 14.4;
				LD_RUNPATH_SEARCH_PATHS = (
					"$(inherited)",
					"@executable_path/Frameworks",
					"@loader_path/Frameworks",
				);
				PRODUCT_BUNDLE_IDENTIFIER = Christopher.foddAppTests;
				PRODUCT_NAME = "$(TARGET_NAME)";
				SWIFT_VERSION = 5.0;
				TARGETED_DEVICE_FAMILY = "1,2";
				TEST_HOST = "$(BUILT_PRODUCTS_DIR)/foddApp.app/foddApp";
			};
			name = Release;
		};
		847EE5BD25EF855D009BFDC2 /* Debug */ = {
			isa = XCBuildConfiguration;
			baseConfigurationReference = F92BB3F70C50791CFA01D9DB /* Pods-foddApp-foddAppUITests.debug.xcconfig */;
			buildSettings = {
				ALWAYS_EMBED_SWIFT_STANDARD_LIBRARIES = YES;
				CODE_SIGN_STYLE = Automatic;
				INFOPLIST_FILE = foddAppUITests/Info.plist;
				LD_RUNPATH_SEARCH_PATHS = (
					"$(inherited)",
					"@executable_path/Frameworks",
					"@loader_path/Frameworks",
				);
				PRODUCT_BUNDLE_IDENTIFIER = Christopher.foddAppUITests;
				PRODUCT_NAME = "$(TARGET_NAME)";
				SWIFT_VERSION = 5.0;
				TARGETED_DEVICE_FAMILY = "1,2";
				TEST_TARGET_NAME = foddApp;
			};
			name = Debug;
		};
		847EE5BE25EF855D009BFDC2 /* Release */ = {
			isa = XCBuildConfiguration;
			baseConfigurationReference = 413C6581B3BB8E2347F8151C /* Pods-foddApp-foddAppUITests.release.xcconfig */;
			buildSettings = {
				ALWAYS_EMBED_SWIFT_STANDARD_LIBRARIES = YES;
				CODE_SIGN_STYLE = Automatic;
				INFOPLIST_FILE = foddAppUITests/Info.plist;
				LD_RUNPATH_SEARCH_PATHS = (
					"$(inherited)",
					"@executable_path/Frameworks",
					"@loader_path/Frameworks",
				);
				PRODUCT_BUNDLE_IDENTIFIER = Christopher.foddAppUITests;
				PRODUCT_NAME = "$(TARGET_NAME)";
				SWIFT_VERSION = 5.0;
				TARGETED_DEVICE_FAMILY = "1,2";
				TEST_TARGET_NAME = foddApp;
			};
			name = Release;
		};
/* End XCBuildConfiguration section */

/* Begin XCConfigurationList section */
		847EE58725EF855C009BFDC2 /* Build configuration list for PBXProject "foddApp" */ = {
			isa = XCConfigurationList;
			buildConfigurations = (
				847EE5B425EF855D009BFDC2 /* Debug */,
				847EE5B525EF855D009BFDC2 /* Release */,
			);
			defaultConfigurationIsVisible = 0;
			defaultConfigurationName = Release;
		};
		847EE5B625EF855D009BFDC2 /* Build configuration list for PBXNativeTarget "foddApp" */ = {
			isa = XCConfigurationList;
			buildConfigurations = (
				847EE5B725EF855D009BFDC2 /* Debug */,
				847EE5B825EF855D009BFDC2 /* Release */,
			);
			defaultConfigurationIsVisible = 0;
			defaultConfigurationName = Release;
		};
		847EE5B925EF855D009BFDC2 /* Build configuration list for PBXNativeTarget "foddAppTests" */ = {
			isa = XCConfigurationList;
			buildConfigurations = (
				847EE5BA25EF855D009BFDC2 /* Debug */,
				847EE5BB25EF855D009BFDC2 /* Release */,
			);
			defaultConfigurationIsVisible = 0;
			defaultConfigurationName = Release;
		};
		847EE5BC25EF855D009BFDC2 /* Build configuration list for PBXNativeTarget "foddAppUITests" */ = {
			isa = XCConfigurationList;
			buildConfigurations = (
				847EE5BD25EF855D009BFDC2 /* Debug */,
				847EE5BE25EF855D009BFDC2 /* Release */,
			);
			defaultConfigurationIsVisible = 0;
			defaultConfigurationName = Release;
		};
/* End XCConfigurationList section */
	};
	rootObject = 847EE58425EF855C009BFDC2 /* Project object */;
}
